
Microsoft Visual Studio Solution File, Format Version 12.00
# Visual Studio Version 17
VisualStudioVersion = 17.2.32516.85
MinimumVisualStudioVersion = 10.0.40219.1
Project("{FAE04EC0-301F-11D3-BF4B-00C04F79EFBC}") = "Lesson12_1_Task2", "Lesson12(1)Task2\Lesson12_1_Task2.csproj", "{ACD90955-A1B7-4354-8532-92001CE910D4}"
EndProject
Project("{FAE04EC0-301F-11D3-BF4B-00C04F79EFBC}") = "Lesson12_1_AdditionalTask", "Lesson12_1_AdditionalTask\Lesson12_1_AdditionalTask.csproj", "{1725ED0F-B79E-43D3-ADFB-4626C693AE30}"
EndProject
Project("{FAE04EC0-301F-11D3-BF4B-00C04F79EFBC}") = "Lesson12_1_Task3", "Lesson12_1_Task3\Lesson12_1_Task3.csproj", "{8161DA23-1C9C-40A5-88ED-093210611CFE}"
EndProject
Project("{FAE04EC0-301F-11D3-BF4B-00C04F79EFBC}") = "Lesson12_1_Task4", "Lesson12_1_Task4\Lesson12_1_Task4.csproj", "{FD0DC85D-5356-4F7E-9DE5-B4EB289883DD}"
EndProject
Global
	GlobalSection(SolutionConfigurationPlatforms) = preSolution
		Debug|Any CPU = Debug|Any CPU
		Release|Any CPU = Release|Any CPU
	EndGlobalSection
	GlobalSection(ProjectConfigurationPlatforms) = postSolution
		{ACD90955-A1B7-4354-8532-92001CE910D4}.Debug|Any CPU.ActiveCfg = Debug|Any CPU
		{ACD90955-A1B7-4354-8532-92001CE910D4}.Debug|Any CPU.Build.0 = Debug|Any CPU
		{ACD90955-A1B7-4354-8532-92001CE910D4}.Release|Any CPU.ActiveCfg = Release|Any CPU
		{ACD90955-A1B7-4354-8532-92001CE910D4}.Release|Any CPU.Build.0 = Release|Any CPU
		{1725ED0F-B79E-43D3-ADFB-4626C693AE30}.Debug|Any CPU.ActiveCfg = Debug|Any CPU
		{1725ED0F-B79E-43D3-ADFB-4626C693AE30}.Debug|Any CPU.Build.0 = Debug|Any CPU
		{1725ED0F-B79E-43D3-ADFB-4626C693AE30}.Release|Any CPU.ActiveCfg = Release|Any CPU
		{1725ED0F-B79E-43D3-ADFB-4626C693AE30}.Release|Any CPU.Build.0 = Release|Any CPU
		{8161DA23-1C9C-40A5-88ED-093210611CFE}.Debug|Any CPU.ActiveCfg = Debug|Any CPU
		{8161DA23-1C9C-40A5-88ED-093210611CFE}.Debug|Any CPU.Build.0 = Debug|Any CPU
		{8161DA23-1C9C-40A5-88ED-093210611CFE}.Release|Any CPU.ActiveCfg = Release|Any CPU
		{8161DA23-1C9C-40A5-88ED-093210611CFE}.Release|Any CPU.Build.0 = Release|Any CPU
		{FD0DC85D-5356-4F7E-9DE5-B4EB289883DD}.Debug|Any CPU.ActiveCfg = Debug|Any CPU
		{FD0DC85D-5356-4F7E-9DE5-B4EB289883DD}.Debug|Any CPU.Build.0 = Debug|Any CPU
		{FD0DC85D-5356-4F7E-9DE5-B4EB289883DD}.Release|Any CPU.ActiveCfg = Release|Any CPU
		{FD0DC85D-5356-4F7E-9DE5-B4EB289883DD}.Release|Any CPU.Build.0 = Release|Any CPU
	EndGlobalSection
	GlobalSection(SolutionProperties) = preSolution
		HideSolutionNode = FALSE
	EndGlobalSection
	GlobalSection(ExtensibilityGlobals) = postSolution
		SolutionGuid = {0A9DC6F8-32E1-44AB-853F-6CF8165847B7}
	EndGlobalSection
EndGlobal
