
Microsoft Visual Studio Solution File, Format Version 12.00
# Visual Studio Version 17
VisualStudioVersion = 17.2.32516.85
MinimumVisualStudioVersion = 10.0.40219.1
Project("{FAE04EC0-301F-11D3-BF4B-00C04F79EFBC}") = "Lesson12_1_Task2", "Lesson_12_1\Lesson12_1_Task2\Lesson12_1_Task2.csproj", "{ACD90955-A1B7-4354-8532-92001CE910D4}"
EndProject
Project("{FAE04EC0-301F-11D3-BF4B-00C04F79EFBC}") = "Lesson12_1_Task6", "Lesson_12_1\Lesson12_1_Task6\Lesson12_1_Task6.csproj", "{1725ED0F-B79E-43D3-ADFB-4626C693AE30}"
EndProject
Project("{FAE04EC0-301F-11D3-BF4B-00C04F79EFBC}") = "Lesson12_1_Task3", "Lesson_12_1\Lesson12_1_Task3\Lesson12_1_Task3.csproj", "{8161DA23-1C9C-40A5-88ED-093210611CFE}"
EndProject
Project("{FAE04EC0-301F-11D3-BF4B-00C04F79EFBC}") = "Lesson12_1_Task4", "Lesson_12_1\Lesson12_1_Task4\Lesson12_1_Task4.csproj", "{FD0DC85D-5356-4F7E-9DE5-B4EB289883DD}"
EndProject
Project("{FAE04EC0-301F-11D3-BF4B-00C04F79EFBC}") = "Lesson12_1_Additional", "Lesson_12_1\Lesson12_1_Additional\Lesson12_1_Additional.csproj", "{FBDC4A80-6275-443A-BB5B-2C453CA8B488}"
EndProject
Project("{FAE04EC0-301F-11D3-BF4B-00C04F79EFBC}") = "Lesson13_2_Task2", "Lesson_13_2\Lesson13_2_Task2\Lesson13_2_Task2.csproj", "{8EFFE1FC-3F20-4642-8E2A-1B18FADAF144}"
EndProject
Project("{FAE04EC0-301F-11D3-BF4B-00C04F79EFBC}") = "Lesson13_2_Task3", "Lesson_13_2\Lesson13_2_Task3\Lesson13_2_Task3.csproj", "{DB6B0BEB-50D4-48DA-8291-A459829081B8}"
EndProject
Project("{FAE04EC0-301F-11D3-BF4B-00C04F79EFBC}") = "Lesson13_2_Task4", "Lesson_13_2\Lesson13_2_Task4\Lesson13_2_Task4.csproj", "{50E52E2C-E9DE-4136-8F5C-B2D580E38BD5}"
EndProject
Project("{FAE04EC0-301F-11D3-BF4B-00C04F79EFBC}") = "Lesson13_2_Task6", "Lesson_13_2\Lesson13_2_Task6\Lesson13_2_Task6.csproj", "{0686AB81-298F-49B3-8C22-322E448B83AA}"
EndProject
Project("{FAE04EC0-301F-11D3-BF4B-00C04F79EFBC}") = "Lesson14_3_Task2", "Lesson_14_3\Lesson14_3_Task2\Lesson14_3_Task2.csproj", "{8DF9197B-E8B6-4D22-879B-E1778A2BFD9C}"
EndProject
Project("{FAE04EC0-301F-11D3-BF4B-00C04F79EFBC}") = "Lesson14_3_Task3", "Lesson_14_3\Lesson14_3_Task3\Lesson14_3_Task3.csproj", "{5D2D8FE3-6EEE-43F7-B939-55FF431D507B}"
EndProject
Project("{FAE04EC0-301F-11D3-BF4B-00C04F79EFBC}") = "Lesson14_3_Task4", "Lesson_14_3\Lesson14_3_Task4\Lesson14_3_Task4.csproj", "{782482F6-7D02-470B-802F-05D614BFA0D3}"
EndProject
Project("{FAE04EC0-301F-11D3-BF4B-00C04F79EFBC}") = "Lesson14_3_Task5", "Lesson_14_3\Lesson14_3_Task5\Lesson14_3_Task5.csproj", "{8FA7A4F9-2E09-4E6B-9DC7-AB548305AB3E}"
EndProject
Project("{FAE04EC0-301F-11D3-BF4B-00C04F79EFBC}") = "Lesson14_3_Additional", "Lesson_14_3\Lesson14_3_Additional\Lesson14_3_Additional.csproj", "{77C29D28-22A3-480F-9087-5CB947614B3A}"
EndProject
Project("{FAE04EC0-301F-11D3-BF4B-00C04F79EFBC}") = "Lesson15_4_Task2", "Lesson_15_4\Lesson15_4_Task2\Lesson15_4_Task2.csproj", "{577F7E8D-6FCD-43DD-876D-DDD83C2A6A93}"
EndProject
Project("{FAE04EC0-301F-11D3-BF4B-00C04F79EFBC}") = "Lesson15_4_Task3", "Lesson_15_4\Lesson15_4_Task3\Lesson15_4_Task3.csproj", "{C04B3C6E-15FC-4913-846E-90A61DD37CD6}"
EndProject
Project("{FAE04EC0-301F-11D3-BF4B-00C04F79EFBC}") = "Lesson15_4_Task5", "Lesson_15_4\Lesson15_4_Task5\Lesson15_4_Task5.csproj", "{96964FCF-A68B-4995-9E14-FD9A5622272F}"
EndProject
Project("{FAE04EC0-301F-11D3-BF4B-00C04F79EFBC}") = "Lesson16_5_Task2", "Lesson_16_5\Lesson16_5_Task2\Lesson16_5_Task2.csproj", "{EEEA4CC1-96BF-408A-9701-FB6EE63027B1}"
EndProject
Project("{FAE04EC0-301F-11D3-BF4B-00C04F79EFBC}") = "Lesson16_5_Task3", "Lesson_16_5\Lesson16_5_Task3\Lesson16_5_Task3.csproj", "{F7D6D3C2-7E30-407E-9F98-A11C8A57C810}"
EndProject
Project("{FAE04EC0-301F-11D3-BF4B-00C04F79EFBC}") = "Lesson16_5_Task4", "Lesson_16_5\Lesson16_5_Task4\Lesson16_5_Task4.csproj", "{DADA5BAF-25CC-4F0A-857C-F8AB5641D613}"
EndProject
Project("{FAE04EC0-301F-11D3-BF4B-00C04F79EFBC}") = "Lesson16_5_Task6", "Lesson_16_5\Lesson16_5_Task6\Lesson16_5_Task6.csproj", "{FF83E517-C46E-4E8B-A8AF-82A8F66E7EA4}"
EndProject
Project("{FAE04EC0-301F-11D3-BF4B-00C04F79EFBC}") = "Lesson17_6_Task2", "Lesson_17_6\Lesson17_6_Task2\Lesson17_6_Task2.csproj", "{858D4365-E524-4D60-B90D-4D099C1B33B5}"
EndProject
Project("{FAE04EC0-301F-11D3-BF4B-00C04F79EFBC}") = "Lesson17_6_Task3", "Lesson_17_6\Lesson17_6_Task3\Lesson17_6_Task3.csproj", "{68E83891-A6CD-4559-92CC-A8DFD651BB3C}"
EndProject
Project("{FAE04EC0-301F-11D3-BF4B-00C04F79EFBC}") = "Lesson17_6_Task4", "Lesson_17_6\Lesson17_6_Task4\Lesson17_6_Task4.csproj", "{E53E20DC-3ACC-4ECF-8761-2915B3ED1EEF}"
EndProject
Project("{FAE04EC0-301F-11D3-BF4B-00C04F79EFBC}") = "Lesson17_6_Task6", "Lesson_17_6\Lesson17_6_Task6\Lesson17_6_Task6.csproj", "{902C1EFC-6855-4434-9B24-B6C18DEEC540}"
EndProject
Project("{FAE04EC0-301F-11D3-BF4B-00C04F79EFBC}") = "Lesson18_7_Task2", "Lesson_18_7\Lesson18_7_Task2\Lesson18_7_Task2.csproj", "{22E883F6-234A-4914-8DCD-34A44ADE8873}"
EndProject
Project("{FAE04EC0-301F-11D3-BF4B-00C04F79EFBC}") = "Lesson18_7_Task3", "Lesson_18_7\Lesson18_7_Task3\Lesson18_7_Task3.csproj", "{D6DF1BB4-D489-470A-BF38-F37AA64BAA73}"
EndProject
Project("{FAE04EC0-301F-11D3-BF4B-00C04F79EFBC}") = "Lesson18_7_Task5", "Lesson_18_7\Lesson18_7_Task5\Lesson18_7_Task5.csproj", "{1F3A82A2-5C4E-4F77-8AF1-531F8F202D56}"
EndProject
Project("{FAE04EC0-301F-11D3-BF4B-00C04F79EFBC}") = "Lesson19_8_Task2", "Lesson_19_8\Lesson19_8_Task2\Lesson19_8_Task2.csproj", "{159442D9-0878-49F7-BDCF-68177E2BFAC8}"
EndProject
Project("{FAE04EC0-301F-11D3-BF4B-00C04F79EFBC}") = "Lesson19_8_Task3", "Lesson_19_8\Lesson19_8_Task3\Lesson19_8_Task3.csproj", "{11B5BE73-A476-4E9B-8C25-C82C7B7662F0}"
EndProject
Project("{FAE04EC0-301F-11D3-BF4B-00C04F79EFBC}") = "Lesson19_8_Task5", "Lesson_19_8\Lesson19_8_Task5\Lesson19_8_Task5.csproj", "{2973D55F-C4A4-4C0A-9332-FCC39A060C31}"
EndProject
Project("{FAE04EC0-301F-11D3-BF4B-00C04F79EFBC}") = "Lesson20_9_Task2", "Lesson_20_9\Lesson20_9_Task2\Lesson20_9_Task2.csproj", "{66C763EB-93FF-456B-9BDD-6F25B1C5220F}"
EndProject
Project("{FAE04EC0-301F-11D3-BF4B-00C04F79EFBC}") = "Lesson20_9_Task3", "Lesson_20_9\Lesson20_9_Task3\Lesson20_9_Task3.csproj", "{BD6B9007-1B44-4F9F-9DAD-33CA84D1A597}"
EndProject
Project("{FAE04EC0-301F-11D3-BF4B-00C04F79EFBC}") = "Lesson20_9_Task5", "Lesson_20_9\Lesson20_9_Task5\Lesson20_9_Task5.csproj", "{B4E20DC1-9B4C-4B04-8128-4F1A2676E41F}"
EndProject
Project("{FAE04EC0-301F-11D3-BF4B-00C04F79EFBC}") = "Lesson21_10_Task2", "Lesson_21_10\Lesson21_10_Task2\Lesson21_10_Task2.csproj", "{77A018D5-76FB-4566-84F3-2F08A4711A60}"
EndProject
Project("{FAE04EC0-301F-11D3-BF4B-00C04F79EFBC}") = "Lesson21_10_Task3", "Lesson_21_10\Lesson21_10_Task3\Lesson21_10_Task3.csproj", "{D4B517E4-B6C1-4239-8711-B3745CEB78D2}"
EndProject
Project("{FAE04EC0-301F-11D3-BF4B-00C04F79EFBC}") = "Lesson21_10_Task4", "Lesson_21_10\Lesson21_10_Task4\Lesson21_10_Task4.csproj", "{D98F9596-687D-469D-A469-CDFE85F468A3}"
EndProject
Project("{FAE04EC0-301F-11D3-BF4B-00C04F79EFBC}") = "Lesson22_11_Task2", "Lesson_22_11\Lesson22_11_Task2\Lesson22_11_Task2.csproj", "{4F0C5392-280F-4F0F-8AFD-2E3460B151F5}"
EndProject
Project("{FAE04EC0-301F-11D3-BF4B-00C04F79EFBC}") = "Lesson22_11_Task3", "Lesson_22_11\Lesson22_11_Task3\Lesson22_11_Task3.csproj", "{B840864A-8E7F-47E0-81BC-8740BBB2A0EE}"
EndProject
Project("{FAE04EC0-301F-11D3-BF4B-00C04F79EFBC}") = "Lesson22_11_Task4", "Lesson_22_11\Lesson22_11_Task4\Lesson22_11_Task4.csproj", "{0626E064-2575-45DA-9BF8-CFBCB9F83089}"
EndProject
Project("{FAE04EC0-301F-11D3-BF4B-00C04F79EFBC}") = "Lesson22_11_Task6", "Lesson_22_11\Lesson22_11_Task6\Lesson22_11_Task6.csproj", "{2D274C1F-6F32-472E-A91A-043EB8A37D48}"
EndProject
Project("{FAE04EC0-301F-11D3-BF4B-00C04F79EFBC}") = "Lesson22_11_Task7", "Lesson_22_11\Lesson22_11_Task7\Lesson22_11_Task7.csproj", "{68120D32-5F98-40FA-9A85-73FF1730F85A}"
EndProject
Project("{9A19103F-16F7-4668-BE54-9A1E7A4F7556}") = "Lesson23_12_Task2", "Lesson23_12_Task2\Lesson23_12_Task2.csproj", "{5F8C322D-9826-43A6-A7B0-BEA0B0CAFE78}"
EndProject
Global
	GlobalSection(SolutionConfigurationPlatforms) = preSolution
		Debug|Any CPU = Debug|Any CPU
		Release|Any CPU = Release|Any CPU
	EndGlobalSection
	GlobalSection(ProjectConfigurationPlatforms) = postSolution
		{ACD90955-A1B7-4354-8532-92001CE910D4}.Debug|Any CPU.ActiveCfg = Debug|Any CPU
		{ACD90955-A1B7-4354-8532-92001CE910D4}.Debug|Any CPU.Build.0 = Debug|Any CPU
		{ACD90955-A1B7-4354-8532-92001CE910D4}.Release|Any CPU.ActiveCfg = Release|Any CPU
		{ACD90955-A1B7-4354-8532-92001CE910D4}.Release|Any CPU.Build.0 = Release|Any CPU
		{1725ED0F-B79E-43D3-ADFB-4626C693AE30}.Debug|Any CPU.ActiveCfg = Debug|Any CPU
		{1725ED0F-B79E-43D3-ADFB-4626C693AE30}.Debug|Any CPU.Build.0 = Debug|Any CPU
		{1725ED0F-B79E-43D3-ADFB-4626C693AE30}.Release|Any CPU.ActiveCfg = Release|Any CPU
		{1725ED0F-B79E-43D3-ADFB-4626C693AE30}.Release|Any CPU.Build.0 = Release|Any CPU
		{8161DA23-1C9C-40A5-88ED-093210611CFE}.Debug|Any CPU.ActiveCfg = Debug|Any CPU
		{8161DA23-1C9C-40A5-88ED-093210611CFE}.Debug|Any CPU.Build.0 = Debug|Any CPU
		{8161DA23-1C9C-40A5-88ED-093210611CFE}.Release|Any CPU.ActiveCfg = Release|Any CPU
		{8161DA23-1C9C-40A5-88ED-093210611CFE}.Release|Any CPU.Build.0 = Release|Any CPU
		{FD0DC85D-5356-4F7E-9DE5-B4EB289883DD}.Debug|Any CPU.ActiveCfg = Debug|Any CPU
		{FD0DC85D-5356-4F7E-9DE5-B4EB289883DD}.Debug|Any CPU.Build.0 = Debug|Any CPU
		{FD0DC85D-5356-4F7E-9DE5-B4EB289883DD}.Release|Any CPU.ActiveCfg = Release|Any CPU
		{FD0DC85D-5356-4F7E-9DE5-B4EB289883DD}.Release|Any CPU.Build.0 = Release|Any CPU
		{FBDC4A80-6275-443A-BB5B-2C453CA8B488}.Debug|Any CPU.ActiveCfg = Debug|Any CPU
		{FBDC4A80-6275-443A-BB5B-2C453CA8B488}.Debug|Any CPU.Build.0 = Debug|Any CPU
		{FBDC4A80-6275-443A-BB5B-2C453CA8B488}.Release|Any CPU.ActiveCfg = Release|Any CPU
		{FBDC4A80-6275-443A-BB5B-2C453CA8B488}.Release|Any CPU.Build.0 = Release|Any CPU
		{8EFFE1FC-3F20-4642-8E2A-1B18FADAF144}.Debug|Any CPU.ActiveCfg = Debug|Any CPU
		{8EFFE1FC-3F20-4642-8E2A-1B18FADAF144}.Debug|Any CPU.Build.0 = Debug|Any CPU
		{8EFFE1FC-3F20-4642-8E2A-1B18FADAF144}.Release|Any CPU.ActiveCfg = Release|Any CPU
		{8EFFE1FC-3F20-4642-8E2A-1B18FADAF144}.Release|Any CPU.Build.0 = Release|Any CPU
		{DB6B0BEB-50D4-48DA-8291-A459829081B8}.Debug|Any CPU.ActiveCfg = Debug|Any CPU
		{DB6B0BEB-50D4-48DA-8291-A459829081B8}.Debug|Any CPU.Build.0 = Debug|Any CPU
		{DB6B0BEB-50D4-48DA-8291-A459829081B8}.Release|Any CPU.ActiveCfg = Release|Any CPU
		{DB6B0BEB-50D4-48DA-8291-A459829081B8}.Release|Any CPU.Build.0 = Release|Any CPU
		{50E52E2C-E9DE-4136-8F5C-B2D580E38BD5}.Debug|Any CPU.ActiveCfg = Debug|Any CPU
		{50E52E2C-E9DE-4136-8F5C-B2D580E38BD5}.Debug|Any CPU.Build.0 = Debug|Any CPU
		{50E52E2C-E9DE-4136-8F5C-B2D580E38BD5}.Release|Any CPU.ActiveCfg = Release|Any CPU
		{50E52E2C-E9DE-4136-8F5C-B2D580E38BD5}.Release|Any CPU.Build.0 = Release|Any CPU
		{0686AB81-298F-49B3-8C22-322E448B83AA}.Debug|Any CPU.ActiveCfg = Debug|Any CPU
		{0686AB81-298F-49B3-8C22-322E448B83AA}.Debug|Any CPU.Build.0 = Debug|Any CPU
		{0686AB81-298F-49B3-8C22-322E448B83AA}.Release|Any CPU.ActiveCfg = Release|Any CPU
		{0686AB81-298F-49B3-8C22-322E448B83AA}.Release|Any CPU.Build.0 = Release|Any CPU
		{8DF9197B-E8B6-4D22-879B-E1778A2BFD9C}.Debug|Any CPU.ActiveCfg = Debug|Any CPU
		{8DF9197B-E8B6-4D22-879B-E1778A2BFD9C}.Debug|Any CPU.Build.0 = Debug|Any CPU
		{8DF9197B-E8B6-4D22-879B-E1778A2BFD9C}.Release|Any CPU.ActiveCfg = Release|Any CPU
		{8DF9197B-E8B6-4D22-879B-E1778A2BFD9C}.Release|Any CPU.Build.0 = Release|Any CPU
		{5D2D8FE3-6EEE-43F7-B939-55FF431D507B}.Debug|Any CPU.ActiveCfg = Debug|Any CPU
		{5D2D8FE3-6EEE-43F7-B939-55FF431D507B}.Debug|Any CPU.Build.0 = Debug|Any CPU
		{5D2D8FE3-6EEE-43F7-B939-55FF431D507B}.Release|Any CPU.ActiveCfg = Release|Any CPU
		{5D2D8FE3-6EEE-43F7-B939-55FF431D507B}.Release|Any CPU.Build.0 = Release|Any CPU
		{782482F6-7D02-470B-802F-05D614BFA0D3}.Debug|Any CPU.ActiveCfg = Debug|Any CPU
		{782482F6-7D02-470B-802F-05D614BFA0D3}.Debug|Any CPU.Build.0 = Debug|Any CPU
		{782482F6-7D02-470B-802F-05D614BFA0D3}.Release|Any CPU.ActiveCfg = Release|Any CPU
		{782482F6-7D02-470B-802F-05D614BFA0D3}.Release|Any CPU.Build.0 = Release|Any CPU
		{8FA7A4F9-2E09-4E6B-9DC7-AB548305AB3E}.Debug|Any CPU.ActiveCfg = Debug|Any CPU
		{8FA7A4F9-2E09-4E6B-9DC7-AB548305AB3E}.Debug|Any CPU.Build.0 = Debug|Any CPU
		{8FA7A4F9-2E09-4E6B-9DC7-AB548305AB3E}.Release|Any CPU.ActiveCfg = Release|Any CPU
		{8FA7A4F9-2E09-4E6B-9DC7-AB548305AB3E}.Release|Any CPU.Build.0 = Release|Any CPU
		{77C29D28-22A3-480F-9087-5CB947614B3A}.Debug|Any CPU.ActiveCfg = Debug|Any CPU
		{77C29D28-22A3-480F-9087-5CB947614B3A}.Debug|Any CPU.Build.0 = Debug|Any CPU
		{77C29D28-22A3-480F-9087-5CB947614B3A}.Release|Any CPU.ActiveCfg = Release|Any CPU
		{77C29D28-22A3-480F-9087-5CB947614B3A}.Release|Any CPU.Build.0 = Release|Any CPU
		{577F7E8D-6FCD-43DD-876D-DDD83C2A6A93}.Debug|Any CPU.ActiveCfg = Debug|Any CPU
		{577F7E8D-6FCD-43DD-876D-DDD83C2A6A93}.Debug|Any CPU.Build.0 = Debug|Any CPU
		{577F7E8D-6FCD-43DD-876D-DDD83C2A6A93}.Release|Any CPU.ActiveCfg = Release|Any CPU
		{577F7E8D-6FCD-43DD-876D-DDD83C2A6A93}.Release|Any CPU.Build.0 = Release|Any CPU
		{C04B3C6E-15FC-4913-846E-90A61DD37CD6}.Debug|Any CPU.ActiveCfg = Debug|Any CPU
		{C04B3C6E-15FC-4913-846E-90A61DD37CD6}.Debug|Any CPU.Build.0 = Debug|Any CPU
		{C04B3C6E-15FC-4913-846E-90A61DD37CD6}.Release|Any CPU.ActiveCfg = Release|Any CPU
		{C04B3C6E-15FC-4913-846E-90A61DD37CD6}.Release|Any CPU.Build.0 = Release|Any CPU
		{96964FCF-A68B-4995-9E14-FD9A5622272F}.Debug|Any CPU.ActiveCfg = Debug|Any CPU
		{96964FCF-A68B-4995-9E14-FD9A5622272F}.Debug|Any CPU.Build.0 = Debug|Any CPU
		{96964FCF-A68B-4995-9E14-FD9A5622272F}.Release|Any CPU.ActiveCfg = Release|Any CPU
		{96964FCF-A68B-4995-9E14-FD9A5622272F}.Release|Any CPU.Build.0 = Release|Any CPU
		{EEEA4CC1-96BF-408A-9701-FB6EE63027B1}.Debug|Any CPU.ActiveCfg = Debug|Any CPU
		{EEEA4CC1-96BF-408A-9701-FB6EE63027B1}.Debug|Any CPU.Build.0 = Debug|Any CPU
		{EEEA4CC1-96BF-408A-9701-FB6EE63027B1}.Release|Any CPU.ActiveCfg = Release|Any CPU
		{EEEA4CC1-96BF-408A-9701-FB6EE63027B1}.Release|Any CPU.Build.0 = Release|Any CPU
		{F7D6D3C2-7E30-407E-9F98-A11C8A57C810}.Debug|Any CPU.ActiveCfg = Debug|Any CPU
		{F7D6D3C2-7E30-407E-9F98-A11C8A57C810}.Debug|Any CPU.Build.0 = Debug|Any CPU
		{F7D6D3C2-7E30-407E-9F98-A11C8A57C810}.Release|Any CPU.ActiveCfg = Release|Any CPU
		{F7D6D3C2-7E30-407E-9F98-A11C8A57C810}.Release|Any CPU.Build.0 = Release|Any CPU
		{DADA5BAF-25CC-4F0A-857C-F8AB5641D613}.Debug|Any CPU.ActiveCfg = Debug|Any CPU
		{DADA5BAF-25CC-4F0A-857C-F8AB5641D613}.Debug|Any CPU.Build.0 = Debug|Any CPU
		{DADA5BAF-25CC-4F0A-857C-F8AB5641D613}.Release|Any CPU.ActiveCfg = Release|Any CPU
		{DADA5BAF-25CC-4F0A-857C-F8AB5641D613}.Release|Any CPU.Build.0 = Release|Any CPU
		{FF83E517-C46E-4E8B-A8AF-82A8F66E7EA4}.Debug|Any CPU.ActiveCfg = Debug|Any CPU
		{FF83E517-C46E-4E8B-A8AF-82A8F66E7EA4}.Debug|Any CPU.Build.0 = Debug|Any CPU
		{FF83E517-C46E-4E8B-A8AF-82A8F66E7EA4}.Release|Any CPU.ActiveCfg = Release|Any CPU
		{FF83E517-C46E-4E8B-A8AF-82A8F66E7EA4}.Release|Any CPU.Build.0 = Release|Any CPU
		{858D4365-E524-4D60-B90D-4D099C1B33B5}.Debug|Any CPU.ActiveCfg = Debug|Any CPU
		{858D4365-E524-4D60-B90D-4D099C1B33B5}.Debug|Any CPU.Build.0 = Debug|Any CPU
		{858D4365-E524-4D60-B90D-4D099C1B33B5}.Release|Any CPU.ActiveCfg = Release|Any CPU
		{858D4365-E524-4D60-B90D-4D099C1B33B5}.Release|Any CPU.Build.0 = Release|Any CPU
		{68E83891-A6CD-4559-92CC-A8DFD651BB3C}.Debug|Any CPU.ActiveCfg = Debug|Any CPU
		{68E83891-A6CD-4559-92CC-A8DFD651BB3C}.Debug|Any CPU.Build.0 = Debug|Any CPU
		{68E83891-A6CD-4559-92CC-A8DFD651BB3C}.Release|Any CPU.ActiveCfg = Release|Any CPU
		{68E83891-A6CD-4559-92CC-A8DFD651BB3C}.Release|Any CPU.Build.0 = Release|Any CPU
		{E53E20DC-3ACC-4ECF-8761-2915B3ED1EEF}.Debug|Any CPU.ActiveCfg = Debug|Any CPU
		{E53E20DC-3ACC-4ECF-8761-2915B3ED1EEF}.Debug|Any CPU.Build.0 = Debug|Any CPU
		{E53E20DC-3ACC-4ECF-8761-2915B3ED1EEF}.Release|Any CPU.ActiveCfg = Release|Any CPU
		{E53E20DC-3ACC-4ECF-8761-2915B3ED1EEF}.Release|Any CPU.Build.0 = Release|Any CPU
		{902C1EFC-6855-4434-9B24-B6C18DEEC540}.Debug|Any CPU.ActiveCfg = Debug|Any CPU
		{902C1EFC-6855-4434-9B24-B6C18DEEC540}.Debug|Any CPU.Build.0 = Debug|Any CPU
		{902C1EFC-6855-4434-9B24-B6C18DEEC540}.Release|Any CPU.ActiveCfg = Release|Any CPU
		{902C1EFC-6855-4434-9B24-B6C18DEEC540}.Release|Any CPU.Build.0 = Release|Any CPU
		{22E883F6-234A-4914-8DCD-34A44ADE8873}.Debug|Any CPU.ActiveCfg = Debug|Any CPU
		{22E883F6-234A-4914-8DCD-34A44ADE8873}.Debug|Any CPU.Build.0 = Debug|Any CPU
		{22E883F6-234A-4914-8DCD-34A44ADE8873}.Release|Any CPU.ActiveCfg = Release|Any CPU
		{22E883F6-234A-4914-8DCD-34A44ADE8873}.Release|Any CPU.Build.0 = Release|Any CPU
		{D6DF1BB4-D489-470A-BF38-F37AA64BAA73}.Debug|Any CPU.ActiveCfg = Debug|Any CPU
		{D6DF1BB4-D489-470A-BF38-F37AA64BAA73}.Debug|Any CPU.Build.0 = Debug|Any CPU
		{D6DF1BB4-D489-470A-BF38-F37AA64BAA73}.Release|Any CPU.ActiveCfg = Release|Any CPU
		{D6DF1BB4-D489-470A-BF38-F37AA64BAA73}.Release|Any CPU.Build.0 = Release|Any CPU
		{1F3A82A2-5C4E-4F77-8AF1-531F8F202D56}.Debug|Any CPU.ActiveCfg = Debug|Any CPU
		{1F3A82A2-5C4E-4F77-8AF1-531F8F202D56}.Debug|Any CPU.Build.0 = Debug|Any CPU
		{1F3A82A2-5C4E-4F77-8AF1-531F8F202D56}.Release|Any CPU.ActiveCfg = Release|Any CPU
		{1F3A82A2-5C4E-4F77-8AF1-531F8F202D56}.Release|Any CPU.Build.0 = Release|Any CPU
		{159442D9-0878-49F7-BDCF-68177E2BFAC8}.Debug|Any CPU.ActiveCfg = Debug|Any CPU
		{159442D9-0878-49F7-BDCF-68177E2BFAC8}.Debug|Any CPU.Build.0 = Debug|Any CPU
		{159442D9-0878-49F7-BDCF-68177E2BFAC8}.Release|Any CPU.ActiveCfg = Release|Any CPU
		{159442D9-0878-49F7-BDCF-68177E2BFAC8}.Release|Any CPU.Build.0 = Release|Any CPU
		{11B5BE73-A476-4E9B-8C25-C82C7B7662F0}.Debug|Any CPU.ActiveCfg = Debug|Any CPU
		{11B5BE73-A476-4E9B-8C25-C82C7B7662F0}.Debug|Any CPU.Build.0 = Debug|Any CPU
		{11B5BE73-A476-4E9B-8C25-C82C7B7662F0}.Release|Any CPU.ActiveCfg = Release|Any CPU
		{11B5BE73-A476-4E9B-8C25-C82C7B7662F0}.Release|Any CPU.Build.0 = Release|Any CPU
		{2973D55F-C4A4-4C0A-9332-FCC39A060C31}.Debug|Any CPU.ActiveCfg = Debug|Any CPU
		{2973D55F-C4A4-4C0A-9332-FCC39A060C31}.Debug|Any CPU.Build.0 = Debug|Any CPU
		{2973D55F-C4A4-4C0A-9332-FCC39A060C31}.Release|Any CPU.ActiveCfg = Release|Any CPU
		{2973D55F-C4A4-4C0A-9332-FCC39A060C31}.Release|Any CPU.Build.0 = Release|Any CPU
		{66C763EB-93FF-456B-9BDD-6F25B1C5220F}.Debug|Any CPU.ActiveCfg = Debug|Any CPU
		{66C763EB-93FF-456B-9BDD-6F25B1C5220F}.Debug|Any CPU.Build.0 = Debug|Any CPU
		{66C763EB-93FF-456B-9BDD-6F25B1C5220F}.Release|Any CPU.ActiveCfg = Release|Any CPU
		{66C763EB-93FF-456B-9BDD-6F25B1C5220F}.Release|Any CPU.Build.0 = Release|Any CPU
		{BD6B9007-1B44-4F9F-9DAD-33CA84D1A597}.Debug|Any CPU.ActiveCfg = Debug|Any CPU
		{BD6B9007-1B44-4F9F-9DAD-33CA84D1A597}.Debug|Any CPU.Build.0 = Debug|Any CPU
		{BD6B9007-1B44-4F9F-9DAD-33CA84D1A597}.Release|Any CPU.ActiveCfg = Release|Any CPU
		{BD6B9007-1B44-4F9F-9DAD-33CA84D1A597}.Release|Any CPU.Build.0 = Release|Any CPU
		{B4E20DC1-9B4C-4B04-8128-4F1A2676E41F}.Debug|Any CPU.ActiveCfg = Debug|Any CPU
		{B4E20DC1-9B4C-4B04-8128-4F1A2676E41F}.Debug|Any CPU.Build.0 = Debug|Any CPU
		{B4E20DC1-9B4C-4B04-8128-4F1A2676E41F}.Release|Any CPU.ActiveCfg = Release|Any CPU
		{B4E20DC1-9B4C-4B04-8128-4F1A2676E41F}.Release|Any CPU.Build.0 = Release|Any CPU
		{77A018D5-76FB-4566-84F3-2F08A4711A60}.Debug|Any CPU.ActiveCfg = Debug|Any CPU
		{77A018D5-76FB-4566-84F3-2F08A4711A60}.Debug|Any CPU.Build.0 = Debug|Any CPU
		{77A018D5-76FB-4566-84F3-2F08A4711A60}.Release|Any CPU.ActiveCfg = Release|Any CPU
		{77A018D5-76FB-4566-84F3-2F08A4711A60}.Release|Any CPU.Build.0 = Release|Any CPU
		{D4B517E4-B6C1-4239-8711-B3745CEB78D2}.Debug|Any CPU.ActiveCfg = Debug|Any CPU
		{D4B517E4-B6C1-4239-8711-B3745CEB78D2}.Debug|Any CPU.Build.0 = Debug|Any CPU
		{D4B517E4-B6C1-4239-8711-B3745CEB78D2}.Release|Any CPU.ActiveCfg = Release|Any CPU
		{D4B517E4-B6C1-4239-8711-B3745CEB78D2}.Release|Any CPU.Build.0 = Release|Any CPU
		{D98F9596-687D-469D-A469-CDFE85F468A3}.Debug|Any CPU.ActiveCfg = Debug|Any CPU
		{D98F9596-687D-469D-A469-CDFE85F468A3}.Debug|Any CPU.Build.0 = Debug|Any CPU
		{D98F9596-687D-469D-A469-CDFE85F468A3}.Release|Any CPU.ActiveCfg = Release|Any CPU
		{D98F9596-687D-469D-A469-CDFE85F468A3}.Release|Any CPU.Build.0 = Release|Any CPU
		{4F0C5392-280F-4F0F-8AFD-2E3460B151F5}.Debug|Any CPU.ActiveCfg = Debug|Any CPU
		{4F0C5392-280F-4F0F-8AFD-2E3460B151F5}.Debug|Any CPU.Build.0 = Debug|Any CPU
		{4F0C5392-280F-4F0F-8AFD-2E3460B151F5}.Release|Any CPU.ActiveCfg = Release|Any CPU
		{4F0C5392-280F-4F0F-8AFD-2E3460B151F5}.Release|Any CPU.Build.0 = Release|Any CPU
		{B840864A-8E7F-47E0-81BC-8740BBB2A0EE}.Debug|Any CPU.ActiveCfg = Debug|Any CPU
		{B840864A-8E7F-47E0-81BC-8740BBB2A0EE}.Debug|Any CPU.Build.0 = Debug|Any CPU
		{B840864A-8E7F-47E0-81BC-8740BBB2A0EE}.Release|Any CPU.ActiveCfg = Release|Any CPU
		{B840864A-8E7F-47E0-81BC-8740BBB2A0EE}.Release|Any CPU.Build.0 = Release|Any CPU
		{0626E064-2575-45DA-9BF8-CFBCB9F83089}.Debug|Any CPU.ActiveCfg = Debug|Any CPU
		{0626E064-2575-45DA-9BF8-CFBCB9F83089}.Debug|Any CPU.Build.0 = Debug|Any CPU
		{0626E064-2575-45DA-9BF8-CFBCB9F83089}.Release|Any CPU.ActiveCfg = Release|Any CPU
		{0626E064-2575-45DA-9BF8-CFBCB9F83089}.Release|Any CPU.Build.0 = Release|Any CPU
		{2D274C1F-6F32-472E-A91A-043EB8A37D48}.Debug|Any CPU.ActiveCfg = Debug|Any CPU
		{2D274C1F-6F32-472E-A91A-043EB8A37D48}.Debug|Any CPU.Build.0 = Debug|Any CPU
		{2D274C1F-6F32-472E-A91A-043EB8A37D48}.Release|Any CPU.ActiveCfg = Release|Any CPU
		{2D274C1F-6F32-472E-A91A-043EB8A37D48}.Release|Any CPU.Build.0 = Release|Any CPU
		{68120D32-5F98-40FA-9A85-73FF1730F85A}.Debug|Any CPU.ActiveCfg = Debug|Any CPU
		{68120D32-5F98-40FA-9A85-73FF1730F85A}.Debug|Any CPU.Build.0 = Debug|Any CPU
		{68120D32-5F98-40FA-9A85-73FF1730F85A}.Release|Any CPU.ActiveCfg = Release|Any CPU
		{68120D32-5F98-40FA-9A85-73FF1730F85A}.Release|Any CPU.Build.0 = Release|Any CPU
		{5F8C322D-9826-43A6-A7B0-BEA0B0CAFE78}.Debug|Any CPU.ActiveCfg = Debug|Any CPU
		{5F8C322D-9826-43A6-A7B0-BEA0B0CAFE78}.Debug|Any CPU.Build.0 = Debug|Any CPU
		{5F8C322D-9826-43A6-A7B0-BEA0B0CAFE78}.Release|Any CPU.ActiveCfg = Release|Any CPU
		{5F8C322D-9826-43A6-A7B0-BEA0B0CAFE78}.Release|Any CPU.Build.0 = Release|Any CPU
	EndGlobalSection
	GlobalSection(SolutionProperties) = preSolution
		HideSolutionNode = FALSE
	EndGlobalSection
	GlobalSection(ExtensibilityGlobals) = postSolution
		SolutionGuid = {0A9DC6F8-32E1-44AB-853F-6CF8165847B7}
	EndGlobalSection
EndGlobal
