
Microsoft Visual Studio Solution File, Format Version 12.00
# Visual Studio Version 17
VisualStudioVersion = 17.2.32516.85
MinimumVisualStudioVersion = 10.0.40219.1
Project("{FAE04EC0-301F-11D3-BF4B-00C04F79EFBC}") = "Lesson20_9_Task2", "Lesson20_9_Task2\Lesson20_9_Task2.csproj", "{66C763EB-93FF-456B-9BDD-6F25B1C5220F}"
EndProject
Project("{FAE04EC0-301F-11D3-BF4B-00C04F79EFBC}") = "Lesson20_9_Task3", "Lesson20_9_Task3\Lesson20_9_Task3.csproj", "{BD6B9007-1B44-4F9F-9DAD-33CA84D1A597}"
EndProject
Project("{FAE04EC0-301F-11D3-BF4B-00C04F79EFBC}") = "Lesson20_9_Task5", "Lesson20_9_Task5\Lesson20_9_Task5.csproj", "{B4E20DC1-9B4C-4B04-8128-4F1A2676E41F}"
EndProject
Global
	GlobalSection(SolutionConfigurationPlatforms) = preSolution
		Debug|Any CPU = Debug|Any CPU
		Release|Any CPU = Release|Any CPU
	EndGlobalSection
	GlobalSection(ProjectConfigurationPlatforms) = postSolution
		{66C763EB-93FF-456B-9BDD-6F25B1C5220F}.Debug|Any CPU.ActiveCfg = Debug|Any CPU
		{66C763EB-93FF-456B-9BDD-6F25B1C5220F}.Debug|Any CPU.Build.0 = Debug|Any CPU
		{66C763EB-93FF-456B-9BDD-6F25B1C5220F}.Release|Any CPU.ActiveCfg = Release|Any CPU
		{66C763EB-93FF-456B-9BDD-6F25B1C5220F}.Release|Any CPU.Build.0 = Release|Any CPU
		{BD6B9007-1B44-4F9F-9DAD-33CA84D1A597}.Debug|Any CPU.ActiveCfg = Debug|Any CPU
		{BD6B9007-1B44-4F9F-9DAD-33CA84D1A597}.Debug|Any CPU.Build.0 = Debug|Any CPU
		{BD6B9007-1B44-4F9F-9DAD-33CA84D1A597}.Release|Any CPU.ActiveCfg = Release|Any CPU
		{BD6B9007-1B44-4F9F-9DAD-33CA84D1A597}.Release|Any CPU.Build.0 = Release|Any CPU
		{B4E20DC1-9B4C-4B04-8128-4F1A2676E41F}.Debug|Any CPU.ActiveCfg = Debug|Any CPU
		{B4E20DC1-9B4C-4B04-8128-4F1A2676E41F}.Debug|Any CPU.Build.0 = Debug|Any CPU
		{B4E20DC1-9B4C-4B04-8128-4F1A2676E41F}.Release|Any CPU.ActiveCfg = Release|Any CPU
		{B4E20DC1-9B4C-4B04-8128-4F1A2676E41F}.Release|Any CPU.Build.0 = Release|Any CPU
	EndGlobalSection
	GlobalSection(SolutionProperties) = preSolution
		HideSolutionNode = FALSE
	EndGlobalSection
	GlobalSection(ExtensibilityGlobals) = postSolution
		SolutionGuid = {0A9DC6F8-32E1-44AB-853F-6CF8165847B7}
	EndGlobalSection
EndGlobal
