
Microsoft Visual Studio Solution File, Format Version 12.00
# Visual Studio Version 17
VisualStudioVersion = 17.2.32516.85
MinimumVisualStudioVersion = 10.0.40219.1
Project("{FAE04EC0-301F-11D3-BF4B-00C04F79EFBC}") = "Lesson15_4_Task2", "Lesson15_4_Task2\Lesson15_4_Task2.csproj", "{577F7E8D-6FCD-43DD-876D-DDD83C2A6A93}"
EndProject
Project("{FAE04EC0-301F-11D3-BF4B-00C04F79EFBC}") = "Lesson15_4_Task3", "Lesson15_4_Task3\Lesson15_4_Task3.csproj", "{C04B3C6E-15FC-4913-846E-90A61DD37CD6}"
EndProject
Project("{FAE04EC0-301F-11D3-BF4B-00C04F79EFBC}") = "Lesson15_4_Task5", "Lesson15_4_Task5\Lesson15_4_Task5.csproj", "{96964FCF-A68B-4995-9E14-FD9A5622272F}"
EndProject
Global
	GlobalSection(SolutionConfigurationPlatforms) = preSolution
		Debug|Any CPU = Debug|Any CPU
		Release|Any CPU = Release|Any CPU
	EndGlobalSection
	GlobalSection(ProjectConfigurationPlatforms) = postSolution
		{577F7E8D-6FCD-43DD-876D-DDD83C2A6A93}.Debug|Any CPU.ActiveCfg = Debug|Any CPU
		{577F7E8D-6FCD-43DD-876D-DDD83C2A6A93}.Debug|Any CPU.Build.0 = Debug|Any CPU
		{577F7E8D-6FCD-43DD-876D-DDD83C2A6A93}.Release|Any CPU.ActiveCfg = Release|Any CPU
		{577F7E8D-6FCD-43DD-876D-DDD83C2A6A93}.Release|Any CPU.Build.0 = Release|Any CPU
		{C04B3C6E-15FC-4913-846E-90A61DD37CD6}.Debug|Any CPU.ActiveCfg = Debug|Any CPU
		{C04B3C6E-15FC-4913-846E-90A61DD37CD6}.Debug|Any CPU.Build.0 = Debug|Any CPU
		{C04B3C6E-15FC-4913-846E-90A61DD37CD6}.Release|Any CPU.ActiveCfg = Release|Any CPU
		{C04B3C6E-15FC-4913-846E-90A61DD37CD6}.Release|Any CPU.Build.0 = Release|Any CPU
		{96964FCF-A68B-4995-9E14-FD9A5622272F}.Debug|Any CPU.ActiveCfg = Debug|Any CPU
		{96964FCF-A68B-4995-9E14-FD9A5622272F}.Debug|Any CPU.Build.0 = Debug|Any CPU
		{96964FCF-A68B-4995-9E14-FD9A5622272F}.Release|Any CPU.ActiveCfg = Release|Any CPU
		{96964FCF-A68B-4995-9E14-FD9A5622272F}.Release|Any CPU.Build.0 = Release|Any CPU
	EndGlobalSection
	GlobalSection(SolutionProperties) = preSolution
		HideSolutionNode = FALSE
	EndGlobalSection
	GlobalSection(ExtensibilityGlobals) = postSolution
		SolutionGuid = {0A9DC6F8-32E1-44AB-853F-6CF8165847B7}
	EndGlobalSection
EndGlobal
