
Microsoft Visual Studio Solution File, Format Version 12.00
# Visual Studio Version 17
VisualStudioVersion = 17.2.32516.85
MinimumVisualStudioVersion = 10.0.40219.1
Project("{FAE04EC0-301F-11D3-BF4B-00C04F79EFBC}") = "Lesson14_3_Task2", "Lesson14_3_Task2\Lesson14_3_Task2.csproj", "{8DF9197B-E8B6-4D22-879B-E1778A2BFD9C}"
EndProject
Project("{FAE04EC0-301F-11D3-BF4B-00C04F79EFBC}") = "Lesson14_3_Task3", "Lesson14_3_Task3\Lesson14_3_Task3.csproj", "{5D2D8FE3-6EEE-43F7-B939-55FF431D507B}"
EndProject
Project("{FAE04EC0-301F-11D3-BF4B-00C04F79EFBC}") = "Lesson14_3_Task4", "Lesson14_3_Task4\Lesson14_3_Task4.csproj", "{782482F6-7D02-470B-802F-05D614BFA0D3}"
EndProject
Project("{FAE04EC0-301F-11D3-BF4B-00C04F79EFBC}") = "Lesson14_3_Task5", "Lesson14_3_Task5\Lesson14_3_Task5.csproj", "{8FA7A4F9-2E09-4E6B-9DC7-AB548305AB3E}"
EndProject
Project("{FAE04EC0-301F-11D3-BF4B-00C04F79EFBC}") = "Lesson14_3_Additional", "Lesson14_3_Additional\Lesson14_3_Additional.csproj", "{77C29D28-22A3-480F-9087-5CB947614B3A}"
EndProject
Global
	GlobalSection(SolutionConfigurationPlatforms) = preSolution
		Debug|Any CPU = Debug|Any CPU
		Release|Any CPU = Release|Any CPU
	EndGlobalSection
	GlobalSection(ProjectConfigurationPlatforms) = postSolution
		{8DF9197B-E8B6-4D22-879B-E1778A2BFD9C}.Debug|Any CPU.ActiveCfg = Debug|Any CPU
		{8DF9197B-E8B6-4D22-879B-E1778A2BFD9C}.Debug|Any CPU.Build.0 = Debug|Any CPU
		{8DF9197B-E8B6-4D22-879B-E1778A2BFD9C}.Release|Any CPU.ActiveCfg = Release|Any CPU
		{8DF9197B-E8B6-4D22-879B-E1778A2BFD9C}.Release|Any CPU.Build.0 = Release|Any CPU
		{5D2D8FE3-6EEE-43F7-B939-55FF431D507B}.Debug|Any CPU.ActiveCfg = Debug|Any CPU
		{5D2D8FE3-6EEE-43F7-B939-55FF431D507B}.Debug|Any CPU.Build.0 = Debug|Any CPU
		{5D2D8FE3-6EEE-43F7-B939-55FF431D507B}.Release|Any CPU.ActiveCfg = Release|Any CPU
		{5D2D8FE3-6EEE-43F7-B939-55FF431D507B}.Release|Any CPU.Build.0 = Release|Any CPU
		{782482F6-7D02-470B-802F-05D614BFA0D3}.Debug|Any CPU.ActiveCfg = Debug|Any CPU
		{782482F6-7D02-470B-802F-05D614BFA0D3}.Debug|Any CPU.Build.0 = Debug|Any CPU
		{782482F6-7D02-470B-802F-05D614BFA0D3}.Release|Any CPU.ActiveCfg = Release|Any CPU
		{782482F6-7D02-470B-802F-05D614BFA0D3}.Release|Any CPU.Build.0 = Release|Any CPU
		{8FA7A4F9-2E09-4E6B-9DC7-AB548305AB3E}.Debug|Any CPU.ActiveCfg = Debug|Any CPU
		{8FA7A4F9-2E09-4E6B-9DC7-AB548305AB3E}.Debug|Any CPU.Build.0 = Debug|Any CPU
		{8FA7A4F9-2E09-4E6B-9DC7-AB548305AB3E}.Release|Any CPU.ActiveCfg = Release|Any CPU
		{8FA7A4F9-2E09-4E6B-9DC7-AB548305AB3E}.Release|Any CPU.Build.0 = Release|Any CPU
		{77C29D28-22A3-480F-9087-5CB947614B3A}.Debug|Any CPU.ActiveCfg = Debug|Any CPU
		{77C29D28-22A3-480F-9087-5CB947614B3A}.Debug|Any CPU.Build.0 = Debug|Any CPU
		{77C29D28-22A3-480F-9087-5CB947614B3A}.Release|Any CPU.ActiveCfg = Release|Any CPU
		{77C29D28-22A3-480F-9087-5CB947614B3A}.Release|Any CPU.Build.0 = Release|Any CPU
	EndGlobalSection
	GlobalSection(SolutionProperties) = preSolution
		HideSolutionNode = FALSE
	EndGlobalSection
	GlobalSection(ExtensibilityGlobals) = postSolution
		SolutionGuid = {0A9DC6F8-32E1-44AB-853F-6CF8165847B7}
	EndGlobalSection
EndGlobal
