
Microsoft Visual Studio Solution File, Format Version 12.00
# Visual Studio Version 17
VisualStudioVersion = 17.2.32516.85
MinimumVisualStudioVersion = 10.0.40219.1
Project("{FAE04EC0-301F-11D3-BF4B-00C04F79EFBC}") = "Lesson22_11_Task2", "Lesson22_11_Task2\Lesson22_11_Task2.csproj", "{4F0C5392-280F-4F0F-8AFD-2E3460B151F5}"
EndProject
Project("{FAE04EC0-301F-11D3-BF4B-00C04F79EFBC}") = "Lesson22_11_Task3", "Lesson22_11_Task3\Lesson22_11_Task3.csproj", "{B840864A-8E7F-47E0-81BC-8740BBB2A0EE}"
EndProject
Project("{FAE04EC0-301F-11D3-BF4B-00C04F79EFBC}") = "Lesson22_11_Task4", "Lesson22_11_Task4\Lesson22_11_Task4.csproj", "{0626E064-2575-45DA-9BF8-CFBCB9F83089}"
EndProject
Project("{FAE04EC0-301F-11D3-BF4B-00C04F79EFBC}") = "Lesson22_11_Task6", "Lesson22_11_Task6\Lesson22_11_Task6.csproj", "{2D274C1F-6F32-472E-A91A-043EB8A37D48}"
EndProject
Project("{FAE04EC0-301F-11D3-BF4B-00C04F79EFBC}") = "Lesson22_11_Task7", "Lesson22_11_Task7\Lesson22_11_Task7.csproj", "{68120D32-5F98-40FA-9A85-73FF1730F85A}"
EndProject
Global
	GlobalSection(SolutionConfigurationPlatforms) = preSolution
		Debug|Any CPU = Debug|Any CPU
		Release|Any CPU = Release|Any CPU
	EndGlobalSection
	GlobalSection(ProjectConfigurationPlatforms) = postSolution
		{4F0C5392-280F-4F0F-8AFD-2E3460B151F5}.Debug|Any CPU.ActiveCfg = Debug|Any CPU
		{4F0C5392-280F-4F0F-8AFD-2E3460B151F5}.Debug|Any CPU.Build.0 = Debug|Any CPU
		{4F0C5392-280F-4F0F-8AFD-2E3460B151F5}.Release|Any CPU.ActiveCfg = Release|Any CPU
		{4F0C5392-280F-4F0F-8AFD-2E3460B151F5}.Release|Any CPU.Build.0 = Release|Any CPU
		{B840864A-8E7F-47E0-81BC-8740BBB2A0EE}.Debug|Any CPU.ActiveCfg = Debug|Any CPU
		{B840864A-8E7F-47E0-81BC-8740BBB2A0EE}.Debug|Any CPU.Build.0 = Debug|Any CPU
		{B840864A-8E7F-47E0-81BC-8740BBB2A0EE}.Release|Any CPU.ActiveCfg = Release|Any CPU
		{B840864A-8E7F-47E0-81BC-8740BBB2A0EE}.Release|Any CPU.Build.0 = Release|Any CPU
		{0626E064-2575-45DA-9BF8-CFBCB9F83089}.Debug|Any CPU.ActiveCfg = Debug|Any CPU
		{0626E064-2575-45DA-9BF8-CFBCB9F83089}.Debug|Any CPU.Build.0 = Debug|Any CPU
		{0626E064-2575-45DA-9BF8-CFBCB9F83089}.Release|Any CPU.ActiveCfg = Release|Any CPU
		{0626E064-2575-45DA-9BF8-CFBCB9F83089}.Release|Any CPU.Build.0 = Release|Any CPU
		{2D274C1F-6F32-472E-A91A-043EB8A37D48}.Debug|Any CPU.ActiveCfg = Debug|Any CPU
		{2D274C1F-6F32-472E-A91A-043EB8A37D48}.Debug|Any CPU.Build.0 = Debug|Any CPU
		{2D274C1F-6F32-472E-A91A-043EB8A37D48}.Release|Any CPU.ActiveCfg = Release|Any CPU
		{2D274C1F-6F32-472E-A91A-043EB8A37D48}.Release|Any CPU.Build.0 = Release|Any CPU
		{68120D32-5F98-40FA-9A85-73FF1730F85A}.Debug|Any CPU.ActiveCfg = Debug|Any CPU
		{68120D32-5F98-40FA-9A85-73FF1730F85A}.Debug|Any CPU.Build.0 = Debug|Any CPU
		{68120D32-5F98-40FA-9A85-73FF1730F85A}.Release|Any CPU.ActiveCfg = Release|Any CPU
		{68120D32-5F98-40FA-9A85-73FF1730F85A}.Release|Any CPU.Build.0 = Release|Any CPU
	EndGlobalSection
	GlobalSection(SolutionProperties) = preSolution
		HideSolutionNode = FALSE
	EndGlobalSection
	GlobalSection(ExtensibilityGlobals) = postSolution
		SolutionGuid = {0A9DC6F8-32E1-44AB-853F-6CF8165847B7}
	EndGlobalSection
EndGlobal
