
Microsoft Visual Studio Solution File, Format Version 12.00
# Visual Studio Version 17
VisualStudioVersion = 17.2.32516.85
MinimumVisualStudioVersion = 10.0.40219.1
Project("{FAE04EC0-301F-11D3-BF4B-00C04F79EFBC}") = "Lesson21_10_Task2", "Lesson21_10_Task2\Lesson21_10_Task2.csproj", "{77A018D5-76FB-4566-84F3-2F08A4711A60}"
EndProject
Project("{FAE04EC0-301F-11D3-BF4B-00C04F79EFBC}") = "Lesson21_10_Task3", "Lesson21_10_Task3\Lesson21_10_Task3.csproj", "{D4B517E4-B6C1-4239-8711-B3745CEB78D2}"
EndProject
Project("{FAE04EC0-301F-11D3-BF4B-00C04F79EFBC}") = "Lesson21_10_Task4", "Lesson21_10_Task4\Lesson21_10_Task4.csproj", "{D98F9596-687D-469D-A469-CDFE85F468A3}"
EndProject
Global
	GlobalSection(SolutionConfigurationPlatforms) = preSolution
		Debug|Any CPU = Debug|Any CPU
		Release|Any CPU = Release|Any CPU
	EndGlobalSection
	GlobalSection(ProjectConfigurationPlatforms) = postSolution
		{77A018D5-76FB-4566-84F3-2F08A4711A60}.Debug|Any CPU.ActiveCfg = Debug|Any CPU
		{77A018D5-76FB-4566-84F3-2F08A4711A60}.Debug|Any CPU.Build.0 = Debug|Any CPU
		{77A018D5-76FB-4566-84F3-2F08A4711A60}.Release|Any CPU.ActiveCfg = Release|Any CPU
		{77A018D5-76FB-4566-84F3-2F08A4711A60}.Release|Any CPU.Build.0 = Release|Any CPU
		{D4B517E4-B6C1-4239-8711-B3745CEB78D2}.Debug|Any CPU.ActiveCfg = Debug|Any CPU
		{D4B517E4-B6C1-4239-8711-B3745CEB78D2}.Debug|Any CPU.Build.0 = Debug|Any CPU
		{D4B517E4-B6C1-4239-8711-B3745CEB78D2}.Release|Any CPU.ActiveCfg = Release|Any CPU
		{D4B517E4-B6C1-4239-8711-B3745CEB78D2}.Release|Any CPU.Build.0 = Release|Any CPU
		{D98F9596-687D-469D-A469-CDFE85F468A3}.Debug|Any CPU.ActiveCfg = Debug|Any CPU
		{D98F9596-687D-469D-A469-CDFE85F468A3}.Debug|Any CPU.Build.0 = Debug|Any CPU
		{D98F9596-687D-469D-A469-CDFE85F468A3}.Release|Any CPU.ActiveCfg = Release|Any CPU
		{D98F9596-687D-469D-A469-CDFE85F468A3}.Release|Any CPU.Build.0 = Release|Any CPU
	EndGlobalSection
	GlobalSection(SolutionProperties) = preSolution
		HideSolutionNode = FALSE
	EndGlobalSection
	GlobalSection(ExtensibilityGlobals) = postSolution
		SolutionGuid = {0A9DC6F8-32E1-44AB-853F-6CF8165847B7}
	EndGlobalSection
EndGlobal
